
Microsoft Visual Studio Solution File, Format Version 12.00
# Visual Studio Version 16
VisualStudioVersion = 16.0.31019.35
MinimumVisualStudioVersion = 10.0.40219.1
Project("{9A19103F-16F7-4668-BE54-9A1E7A4F7556}") = "Sandbox", "Sandbox\Sandbox.csproj", "{E7DE291B-903E-4B00-B592-251A58A1872D}"
EndProject
Project("{9A19103F-16F7-4668-BE54-9A1E7A4F7556}") = "FluentFileSystem.Tests", "FluentFileSystem.Tests\FluentFileSystem.Tests.csproj", "{AB1E5E14-873A-4F71-9A95-877CF44FC7D3}"
EndProject
Project("{9A19103F-16F7-4668-BE54-9A1E7A4F7556}") = "FluentFileSystem", "FluentFileSystem\FluentFileSystem.csproj", "{F7447B6A-EDE6-47DD-8F66-DBFB8DDCDD9B}"
EndProject
Global
	GlobalSection(SolutionConfigurationPlatforms) = preSolution
		Debug|Any CPU = Debug|Any CPU
		Release|Any CPU = Release|Any CPU
	EndGlobalSection
	GlobalSection(ProjectConfigurationPlatforms) = postSolution
		{E7DE291B-903E-4B00-B592-251A58A1872D}.Debug|Any CPU.ActiveCfg = Debug|Any CPU
		{E7DE291B-903E-4B00-B592-251A58A1872D}.Debug|Any CPU.Build.0 = Debug|Any CPU
		{E7DE291B-903E-4B00-B592-251A58A1872D}.Release|Any CPU.ActiveCfg = Release|Any CPU
		{E7DE291B-903E-4B00-B592-251A58A1872D}.Release|Any CPU.Build.0 = Release|Any CPU
		{AB1E5E14-873A-4F71-9A95-877CF44FC7D3}.Debug|Any CPU.ActiveCfg = Debug|Any CPU
		{AB1E5E14-873A-4F71-9A95-877CF44FC7D3}.Debug|Any CPU.Build.0 = Debug|Any CPU
		{AB1E5E14-873A-4F71-9A95-877CF44FC7D3}.Release|Any CPU.ActiveCfg = Release|Any CPU
		{AB1E5E14-873A-4F71-9A95-877CF44FC7D3}.Release|Any CPU.Build.0 = Release|Any CPU
		{F7447B6A-EDE6-47DD-8F66-DBFB8DDCDD9B}.Debug|Any CPU.ActiveCfg = Debug|Any CPU
		{F7447B6A-EDE6-47DD-8F66-DBFB8DDCDD9B}.Debug|Any CPU.Build.0 = Debug|Any CPU
		{F7447B6A-EDE6-47DD-8F66-DBFB8DDCDD9B}.Release|Any CPU.ActiveCfg = Release|Any CPU
		{F7447B6A-EDE6-47DD-8F66-DBFB8DDCDD9B}.Release|Any CPU.Build.0 = Release|Any CPU
	EndGlobalSection
	GlobalSection(SolutionProperties) = preSolution
		HideSolutionNode = FALSE
	EndGlobalSection
	GlobalSection(ExtensibilityGlobals) = postSolution
		SolutionGuid = {32E6CC49-A1FA-406E-A896-E724F1F7AF45}
	EndGlobalSection
EndGlobal
